
Microsoft Visual Studio Solution File, Format Version 12.00
# Visual Studio 14
VisualStudioVersion = 14.0.25123.0
MinimumVisualStudioVersion = 10.0.40219.1
Project("{2150E333-8FDC-42A3-9474-1A3956D46DE8}") = "src", "src", "{E88F3938-BB3A-4AB0-AB98-5F8CA98AFD92}"
EndProject
Project("{2150E333-8FDC-42A3-9474-1A3956D46DE8}") = "Solution Items", "Solution Items", "{366710BB-D1DF-4279-B4AA-4749F10673EA}"
	ProjectSection(SolutionItems) = preProject
		global.json = global.json
		LICENSE.txt = LICENSE.txt
		NuGet.Config = NuGet.Config
		README.md = README.md
	EndProjectSection
EndProject
Project("{8BB2217D-0F2D-49D1-97BC-3654ED321F3B}") = "Api", "src\Api\Api.xproj", "{68078E3F-C456-41E3-B3D8-D4B250AF0530}"
EndProject
Global
	GlobalSection(SolutionConfigurationPlatforms) = preSolution
		Debug|Any CPU = Debug|Any CPU
		Release|Any CPU = Release|Any CPU
	EndGlobalSection
	GlobalSection(ProjectConfigurationPlatforms) = postSolution
		{68078E3F-C456-41E3-B3D8-D4B250AF0530}.Debug|Any CPU.ActiveCfg = Debug|Any CPU
		{68078E3F-C456-41E3-B3D8-D4B250AF0530}.Debug|Any CPU.Build.0 = Debug|Any CPU
		{68078E3F-C456-41E3-B3D8-D4B250AF0530}.Release|Any CPU.ActiveCfg = Release|Any CPU
		{68078E3F-C456-41E3-B3D8-D4B250AF0530}.Release|Any CPU.Build.0 = Release|Any CPU
	EndGlobalSection
	GlobalSection(SolutionProperties) = preSolution
		HideSolutionNode = FALSE
	EndGlobalSection
	GlobalSection(NestedProjects) = preSolution
		{68078E3F-C456-41E3-B3D8-D4B250AF0530} = {E88F3938-BB3A-4AB0-AB98-5F8CA98AFD92}
	EndGlobalSection
EndGlobal
